// !$*UTF8*$!
{
	archiveVersion = 1;
	classes = {
	};
	objectVersion = 46;
	objects = {

/* Begin PBXBuildFile section */
		4DF8C2A318E1ABDD00A6E3AF /* Foundation.framework in Frameworks */ = {isa = PBXBuildFile; fileRef = 4DF8C2A218E1ABDD00A6E3AF /* Foundation.framework */; };
		4DF8C2A518E1ABDE00A6E3AF /* CoreGraphics.framework in Frameworks */ = {isa = PBXBuildFile; fileRef = 4DF8C2A418E1ABDE00A6E3AF /* CoreGraphics.framework */; };
		4DF8C2A718E1ABDE00A6E3AF /* UIKit.framework in Frameworks */ = {isa = PBXBuildFile; fileRef = 4DF8C2A618E1ABDE00A6E3AF /* UIKit.framework */; };
		4DF8C2AD18E1ABDE00A6E3AF /* InfoPlist.strings in Resources */ = {isa = PBXBuildFile; fileRef = 4DF8C2AB18E1ABDE00A6E3AF /* InfoPlist.strings */; };
		4DF8C2AF18E1ABDE00A6E3AF /* main.m in Sources */ = {isa = PBXBuildFile; fileRef = 4DF8C2AE18E1ABDE00A6E3AF /* main.m */; };
		4DF8C2B318E1ABDE00A6E3AF /* AppDelegate.m in Sources */ = {isa = PBXBuildFile; fileRef = 4DF8C2B218E1ABDE00A6E3AF /* AppDelegate.m */; };
		4DF8C2B618E1ABDE00A6E3AF /* Main.storyboard in Resources */ = {isa = PBXBuildFile; fileRef = 4DF8C2B418E1ABDE00A6E3AF /* Main.storyboard */; };
		4DF8C2B918E1ABDE00A6E3AF /* ViewController.m in Sources */ = {isa = PBXBuildFile; fileRef = 4DF8C2B818E1ABDE00A6E3AF /* ViewController.m */; };
		4DF8C2BB18E1ABDE00A6E3AF /* Images.xcassets in Resources */ = {isa = PBXBuildFile; fileRef = 4DF8C2BA18E1ABDE00A6E3AF /* Images.xcassets */; };
		4DF8C2C218E1ABDE00A6E3AF /* XCTest.framework in Frameworks */ = {isa = PBXBuildFile; fileRef = 4DF8C2C118E1ABDE00A6E3AF /* XCTest.framework */; };
		4DF8C2C318E1ABDE00A6E3AF /* Foundation.framework in Frameworks */ = {isa = PBXBuildFile; fileRef = 4DF8C2A218E1ABDD00A6E3AF /* Foundation.framework */; };
		4DF8C2C418E1ABDE00A6E3AF /* UIKit.framework in Frameworks */ = {isa = PBXBuildFile; fileRef = 4DF8C2A618E1ABDE00A6E3AF /* UIKit.framework */; };
		4DF8C2D918E1AC9200A6E3AF /* Beacon.m in Sources */ = {isa = PBXBuildFile; fileRef = 4DF8C2D818E1AC9200A6E3AF /* Beacon.m */; };
		4DF8C2DB18E1ACFB00A6E3AF /* CoreBluetooth.framework in Frameworks */ = {isa = PBXBuildFile; fileRef = 4DF8C2DA18E1ACFB00A6E3AF /* CoreBluetooth.framework */; };
		4DF8C2DD18E1AE4A00A6E3AF /* CoreLocation.framework in Frameworks */ = {isa = PBXBuildFile; fileRef = 4DF8C2DC18E1AE4A00A6E3AF /* CoreLocation.framework */; };
		4DF8C2E118E1B79500A6E3AF /* plot_logo.png in Resources */ = {isa = PBXBuildFile; fileRef = 4DF8C2E018E1B79500A6E3AF /* plot_logo.png */; };
/* End PBXBuildFile section */

/* Begin PBXContainerItemProxy section */
		4DF8C2C518E1ABDE00A6E3AF /* PBXContainerItemProxy */ = {
			isa = PBXContainerItemProxy;
			containerPortal = 4DF8C29718E1ABDD00A6E3AF /* Project object */;
			proxyType = 1;
			remoteGlobalIDString = 4DF8C29E18E1ABDD00A6E3AF;
			remoteInfo = PlotIBeaconBroadcastExample;
		};
/* End PBXContainerItemProxy section */

/* Begin PBXFileReference section */
		4DF8C29F18E1ABDD00A6E3AF /* PlotIBeaconBroadcastExample.app */ = {isa = PBXFileReference; explicitFileType = wrapper.application; includeInIndex = 0; path = PlotIBeaconBroadcastExample.app; sourceTree = BUILT_PRODUCTS_DIR; };
		4DF8C2A218E1ABDD00A6E3AF /* Foundation.framework */ = {isa = PBXFileReference; lastKnownFileType = wrapper.framework; name = Foundation.framework; path = System/Library/Frameworks/Foundation.framework; sourceTree = SDKROOT; };
		4DF8C2A418E1ABDE00A6E3AF /* CoreGraphics.framework */ = {isa = PBXFileReference; lastKnownFileType = wrapper.framework; name = CoreGraphics.framework; path = System/Library/Frameworks/CoreGraphics.framework; sourceTree = SDKROOT; };
		4DF8C2A618E1ABDE00A6E3AF /* UIKit.framework */ = {isa = PBXFileReference; lastKnownFileType = wrapper.framework; name = UIKit.framework; path = System/Library/Frameworks/UIKit.framework; sourceTree = SDKROOT; };
		4DF8C2AA18E1ABDE00A6E3AF /* PlotIBeaconBroadcastExample-Info.plist */ = {isa = PBXFileReference; lastKnownFileType = text.plist.xml; path = "PlotIBeaconBroadcastExample-Info.plist"; sourceTree = "<group>"; };
		4DF8C2AC18E1ABDE00A6E3AF /* en */ = {isa = PBXFileReference; lastKnownFileType = text.plist.strings; name = en; path = en.lproj/InfoPlist.strings; sourceTree = "<group>"; };
		4DF8C2AE18E1ABDE00A6E3AF /* main.m */ = {isa = PBXFileReference; lastKnownFileType = sourcecode.c.objc; path = main.m; sourceTree = "<group>"; };
		4DF8C2B018E1ABDE00A6E3AF /* PlotIBeaconBroadcastExample-Prefix.pch */ = {isa = PBXFileReference; lastKnownFileType = sourcecode.c.h; path = "PlotIBeaconBroadcastExample-Prefix.pch"; sourceTree = "<group>"; };
		4DF8C2B118E1ABDE00A6E3AF /* AppDelegate.h */ = {isa = PBXFileReference; lastKnownFileType = sourcecode.c.h; path = AppDelegate.h; sourceTree = "<group>"; };
		4DF8C2B218E1ABDE00A6E3AF /* AppDelegate.m */ = {isa = PBXFileReference; lastKnownFileType = sourcecode.c.objc; path = AppDelegate.m; sourceTree = "<group>"; };
		4DF8C2B518E1ABDE00A6E3AF /* Base */ = {isa = PBXFileReference; lastKnownFileType = file.storyboard; name = Base; path = Base.lproj/Main.storyboard; sourceTree = "<group>"; };
		4DF8C2B718E1ABDE00A6E3AF /* ViewController.h */ = {isa = PBXFileReference; lastKnownFileType = sourcecode.c.h; path = ViewController.h; sourceTree = "<group>"; };
		4DF8C2B818E1ABDE00A6E3AF /* ViewController.m */ = {isa = PBXFileReference; lastKnownFileType = sourcecode.c.objc; path = ViewController.m; sourceTree = "<group>"; };
		4DF8C2BA18E1ABDE00A6E3AF /* Images.xcassets */ = {isa = PBXFileReference; lastKnownFileType = folder.assetcatalog; path = Images.xcassets; sourceTree = "<group>"; };
		4DF8C2C018E1ABDE00A6E3AF /* PlotIBeaconBroadcastExampleTests.xctest */ = {isa = PBXFileReference; explicitFileType = wrapper.cfbundle; includeInIndex = 0; path = PlotIBeaconBroadcastExampleTests.xctest; sourceTree = BUILT_PRODUCTS_DIR; };
		4DF8C2C118E1ABDE00A6E3AF /* XCTest.framework */ = {isa = PBXFileReference; lastKnownFileType = wrapper.framework; name = XCTest.framework; path = Library/Frameworks/XCTest.framework; sourceTree = DEVELOPER_DIR; };
		4DF8C2D718E1AC9200A6E3AF /* Beacon.h */ = {isa = PBXFileReference; fileEncoding = 4; lastKnownFileType = sourcecode.c.h; path = Beacon.h; sourceTree = "<group>"; };
		4DF8C2D818E1AC9200A6E3AF /* Beacon.m */ = {isa = PBXFileReference; fileEncoding = 4; lastKnownFileType = sourcecode.c.objc; path = Beacon.m; sourceTree = "<group>"; };
		4DF8C2DA18E1ACFB00A6E3AF /* CoreBluetooth.framework */ = {isa = PBXFileReference; lastKnownFileType = wrapper.framework; name = CoreBluetooth.framework; path = System/Library/Frameworks/CoreBluetooth.framework; sourceTree = SDKROOT; };
		4DF8C2DC18E1AE4A00A6E3AF /* CoreLocation.framework */ = {isa = PBXFileReference; lastKnownFileType = wrapper.framework; name = CoreLocation.framework; path = System/Library/Frameworks/CoreLocation.framework; sourceTree = SDKROOT; };
		4DF8C2E018E1B79500A6E3AF /* plot_logo.png */ = {isa = PBXFileReference; lastKnownFileType = image.png; path = plot_logo.png; sourceTree = "<group>"; };
/* End PBXFileReference section */

/* Begin PBXFrameworksBuildPhase section */
		4DF8C29C18E1ABDD00A6E3AF /* Frameworks */ = {
			isa = PBXFrameworksBuildPhase;
			buildActionMask = 2147483647;
			files = (
				4DF8C2DD18E1AE4A00A6E3AF /* CoreLocation.framework in Frameworks */,
				4DF8C2DB18E1ACFB00A6E3AF /* CoreBluetooth.framework in Frameworks */,
				4DF8C2A518E1ABDE00A6E3AF /* CoreGraphics.framework in Frameworks */,
				4DF8C2A718E1ABDE00A6E3AF /* UIKit.framework in Frameworks */,
				4DF8C2A318E1ABDD00A6E3AF /* Foundation.framework in Frameworks */,
			);
			runOnlyForDeploymentPostprocessing = 0;
		};
		4DF8C2BD18E1ABDE00A6E3AF /* Frameworks */ = {
			isa = PBXFrameworksBuildPhase;
			buildActionMask = 2147483647;
			files = (
				4DF8C2C218E1ABDE00A6E3AF /* XCTest.framework in Frameworks */,
				4DF8C2C418E1ABDE00A6E3AF /* UIKit.framework in Frameworks */,
				4DF8C2C318E1ABDE00A6E3AF /* Foundation.framework in Frameworks */,
			);
			runOnlyForDeploymentPostprocessing = 0;
		};
/* End PBXFrameworksBuildPhase section */

/* Begin PBXGroup section */
		4DF8C29618E1ABDD00A6E3AF = {
			isa = PBXGroup;
			children = (
				4DF8C2A818E1ABDE00A6E3AF /* PlotIBeaconBroadcastExample */,
				4DF8C2A118E1ABDD00A6E3AF /* Frameworks */,
				4DF8C2A018E1ABDD00A6E3AF /* Products */,
			);
			sourceTree = "<group>";
		};
		4DF8C2A018E1ABDD00A6E3AF /* Products */ = {
			isa = PBXGroup;
			children = (
				4DF8C29F18E1ABDD00A6E3AF /* PlotIBeaconBroadcastExample.app */,
				4DF8C2C018E1ABDE00A6E3AF /* PlotIBeaconBroadcastExampleTests.xctest */,
			);
			name = Products;
			sourceTree = "<group>";
		};
		4DF8C2A118E1ABDD00A6E3AF /* Frameworks */ = {
			isa = PBXGroup;
			children = (
				4DF8C2DC18E1AE4A00A6E3AF /* CoreLocation.framework */,
				4DF8C2DA18E1ACFB00A6E3AF /* CoreBluetooth.framework */,
				4DF8C2A218E1ABDD00A6E3AF /* Foundation.framework */,
				4DF8C2A418E1ABDE00A6E3AF /* CoreGraphics.framework */,
				4DF8C2A618E1ABDE00A6E3AF /* UIKit.framework */,
				4DF8C2C118E1ABDE00A6E3AF /* XCTest.framework */,
			);
			name = Frameworks;
			sourceTree = "<group>";
		};
		4DF8C2A818E1ABDE00A6E3AF /* PlotIBeaconBroadcastExample */ = {
			isa = PBXGroup;
			children = (
				4DF8C2E018E1B79500A6E3AF /* plot_logo.png */,
				4DF8C2B118E1ABDE00A6E3AF /* AppDelegate.h */,
				4DF8C2B218E1ABDE00A6E3AF /* AppDelegate.m */,
				4DF8C2D718E1AC9200A6E3AF /* Beacon.h */,
				4DF8C2D818E1AC9200A6E3AF /* Beacon.m */,
				4DF8C2BA18E1ABDE00A6E3AF /* Images.xcassets */,
				4DF8C2B418E1ABDE00A6E3AF /* Main.storyboard */,
				4DF8C2A918E1ABDE00A6E3AF /* Supporting Files */,
				4DF8C2B718E1ABDE00A6E3AF /* ViewController.h */,
				4DF8C2B818E1ABDE00A6E3AF /* ViewController.m */,
			);
			path = PlotIBeaconBroadcastExample;
			sourceTree = "<group>";
		};
		4DF8C2A918E1ABDE00A6E3AF /* Supporting Files */ = {
			isa = PBXGroup;
			children = (
				4DF8C2AA18E1ABDE00A6E3AF /* PlotIBeaconBroadcastExample-Info.plist */,
				4DF8C2AB18E1ABDE00A6E3AF /* InfoPlist.strings */,
				4DF8C2AE18E1ABDE00A6E3AF /* main.m */,
				4DF8C2B018E1ABDE00A6E3AF /* PlotIBeaconBroadcastExample-Prefix.pch */,
			);
			name = "Supporting Files";
			sourceTree = "<group>";
		};
/* End PBXGroup section */

/* Begin PBXNativeTarget section */
		4DF8C29E18E1ABDD00A6E3AF /* PlotIBeaconBroadcastExample */ = {
			isa = PBXNativeTarget;
			buildConfigurationList = 4DF8C2D118E1ABDE00A6E3AF /* Build configuration list for PBXNativeTarget "PlotIBeaconBroadcastExample" */;
			buildPhases = (
				4DF8C29B18E1ABDD00A6E3AF /* Sources */,
				4DF8C29C18E1ABDD00A6E3AF /* Frameworks */,
				4DF8C29D18E1ABDD00A6E3AF /* Resources */,
			);
			buildRules = (
			);
			dependencies = (
			);
			name = PlotIBeaconBroadcastExample;
			productName = PlotIBeaconBroadcastExample;
			productReference = 4DF8C29F18E1ABDD00A6E3AF /* PlotIBeaconBroadcastExample.app */;
			productType = "com.apple.product-type.application";
		};
		4DF8C2BF18E1ABDE00A6E3AF /* PlotIBeaconBroadcastExampleTests */ = {
			isa = PBXNativeTarget;
			buildConfigurationList = 4DF8C2D418E1ABDE00A6E3AF /* Build configuration list for PBXNativeTarget "PlotIBeaconBroadcastExampleTests" */;
			buildPhases = (
				4DF8C2BC18E1ABDE00A6E3AF /* Sources */,
				4DF8C2BD18E1ABDE00A6E3AF /* Frameworks */,
				4DF8C2BE18E1ABDE00A6E3AF /* Resources */,
			);
			buildRules = (
			);
			dependencies = (
				4DF8C2C618E1ABDE00A6E3AF /* PBXTargetDependency */,
			);
			name = PlotIBeaconBroadcastExampleTests;
			productName = PlotIBeaconBroadcastExampleTests;
			productReference = 4DF8C2C018E1ABDE00A6E3AF /* PlotIBeaconBroadcastExampleTests.xctest */;
			productType = "com.apple.product-type.bundle.unit-test";
		};
/* End PBXNativeTarget section */

/* Begin PBXProject section */
		4DF8C29718E1ABDD00A6E3AF /* Project object */ = {
			isa = PBXProject;
			attributes = {
				LastUpgradeCheck = 0510;
				ORGANIZATIONNAME = "Floating Market BV";
				TargetAttributes = {
					4DF8C29E18E1ABDD00A6E3AF = {
						SystemCapabilities = {
							com.apple.BackgroundModes = {
								enabled = 1;
							};
						};
					};
					4DF8C2BF18E1ABDE00A6E3AF = {
						TestTargetID = 4DF8C29E18E1ABDD00A6E3AF;
					};
				};
			};
			buildConfigurationList = 4DF8C29A18E1ABDD00A6E3AF /* Build configuration list for PBXProject "PlotIBeaconBroadcastExample" */;
			compatibilityVersion = "Xcode 3.2";
			developmentRegion = English;
			hasScannedForEncodings = 0;
			knownRegions = (
				en,
				Base,
			);
			mainGroup = 4DF8C29618E1ABDD00A6E3AF;
			productRefGroup = 4DF8C2A018E1ABDD00A6E3AF /* Products */;
			projectDirPath = "";
			projectRoot = "";
			targets = (
				4DF8C29E18E1ABDD00A6E3AF /* PlotIBeaconBroadcastExample */,
				4DF8C2BF18E1ABDE00A6E3AF /* PlotIBeaconBroadcastExampleTests */,
			);
		};
/* End PBXProject section */

/* Begin PBXResourcesBuildPhase section */
		4DF8C29D18E1ABDD00A6E3AF /* Resources */ = {
			isa = PBXResourcesBuildPhase;
			buildActionMask = 2147483647;
			files = (
				4DF8C2BB18E1ABDE00A6E3AF /* Images.xcassets in Resources */,
				4DF8C2AD18E1ABDE00A6E3AF /* InfoPlist.strings in Resources */,
				4DF8C2B618E1ABDE00A6E3AF /* Main.storyboard in Resources */,
				4DF8C2E118E1B79500A6E3AF /* plot_logo.png in Resources */,
			);
			runOnlyForDeploymentPostprocessing = 0;
		};
		4DF8C2BE18E1ABDE00A6E3AF /* Resources */ = {
			isa = PBXResourcesBuildPhase;
			buildActionMask = 2147483647;
			files = (
			);
			runOnlyForDeploymentPostprocessing = 0;
		};
/* End PBXResourcesBuildPhase section */

/* Begin PBXSourcesBuildPhase section */
		4DF8C29B18E1ABDD00A6E3AF /* Sources */ = {
			isa = PBXSourcesBuildPhase;
			buildActionMask = 2147483647;
			files = (
				4DF8C2B918E1ABDE00A6E3AF /* ViewController.m in Sources */,
				4DF8C2B318E1ABDE00A6E3AF /* AppDelegate.m in Sources */,
				4DF8C2AF18E1ABDE00A6E3AF /* main.m in Sources */,
				4DF8C2D918E1AC9200A6E3AF /* Beacon.m in Sources */,
			);
			runOnlyForDeploymentPostprocessing = 0;
		};
		4DF8C2BC18E1ABDE00A6E3AF /* Sources */ = {
			isa = PBXSourcesBuildPhase;
			buildActionMask = 2147483647;
			files = (
			);
			runOnlyForDeploymentPostprocessing = 0;
		};
/* End PBXSourcesBuildPhase section */

/* Begin PBXTargetDependency section */
		4DF8C2C618E1ABDE00A6E3AF /* PBXTargetDependency */ = {
			isa = PBXTargetDependency;
			target = 4DF8C29E18E1ABDD00A6E3AF /* PlotIBeaconBroadcastExample */;
			targetProxy = 4DF8C2C518E1ABDE00A6E3AF /* PBXContainerItemProxy */;
		};
/* End PBXTargetDependency section */

/* Begin PBXVariantGroup section */
		4DF8C2AB18E1ABDE00A6E3AF /* InfoPlist.strings */ = {
			isa = PBXVariantGroup;
			children = (
				4DF8C2AC18E1ABDE00A6E3AF /* en */,
			);
			name = InfoPlist.strings;
			sourceTree = "<group>";
		};
		4DF8C2B418E1ABDE00A6E3AF /* Main.storyboard */ = {
			isa = PBXVariantGroup;
			children = (
				4DF8C2B518E1ABDE00A6E3AF /* Base */,
			);
			name = Main.storyboard;
			sourceTree = "<group>";
		};
/* End PBXVariantGroup section */

/* Begin XCBuildConfiguration section */
		4DF8C2CF18E1ABDE00A6E3AF /* Debug */ = {
			isa = XCBuildConfiguration;
			buildSettings = {
				ALWAYS_SEARCH_USER_PATHS = NO;
				CLANG_CXX_LANGUAGE_STANDARD = "gnu++0x";
				CLANG_CXX_LIBRARY = "libc++";
				CLANG_ENABLE_MODULES = YES;
				CLANG_ENABLE_OBJC_ARC = YES;
				CLANG_WARN_BOOL_CONVERSION = YES;
				CLANG_WARN_CONSTANT_CONVERSION = YES;
				CLANG_WARN_DIRECT_OBJC_ISA_USAGE = YES_ERROR;
				CLANG_WARN_EMPTY_BODY = YES;
				CLANG_WARN_ENUM_CONVERSION = YES;
				CLANG_WARN_INT_CONVERSION = YES;
				CLANG_WARN_OBJC_ROOT_CLASS = YES_ERROR;
				CLANG_WARN__DUPLICATE_METHOD_MATCH = YES;
				"CODE_SIGN_IDENTITY[sdk=iphoneos*]" = "iPhone Developer";
				COPY_PHASE_STRIP = NO;
				GCC_C_LANGUAGE_STANDARD = gnu99;
				GCC_DYNAMIC_NO_PIC = NO;
				GCC_OPTIMIZATION_LEVEL = 0;
				GCC_PREPROCESSOR_DEFINITIONS = (
					"DEBUG=1",
					"$(inherited)",
				);
				GCC_SYMBOLS_PRIVATE_EXTERN = NO;
				GCC_WARN_64_TO_32_BIT_CONVERSION = YES;
				GCC_WARN_ABOUT_RETURN_TYPE = YES_ERROR;
				GCC_WARN_UNDECLARED_SELECTOR = YES;
				GCC_WARN_UNINITIALIZED_AUTOS = YES_AGGRESSIVE;
				GCC_WARN_UNUSED_FUNCTION = YES;
				GCC_WARN_UNUSED_VARIABLE = YES;
				IPHONEOS_DEPLOYMENT_TARGET = 7.1;
				ONLY_ACTIVE_ARCH = YES;
				SDKROOT = iphoneos;
			};
			name = Debug;
		};
		4DF8C2D018E1ABDE00A6E3AF /* Release */ = {
			isa = XCBuildConfiguration;
			buildSettings = {
				ALWAYS_SEARCH_USER_PATHS = NO;
				CLANG_CXX_LANGUAGE_STANDARD = "gnu++0x";
				CLANG_CXX_LIBRARY = "libc++";
				CLANG_ENABLE_MODULES = YES;
				CLANG_ENABLE_OBJC_ARC = YES;
				CLANG_WARN_BOOL_CONVERSION = YES;
				CLANG_WARN_CONSTANT_CONVERSION = YES;
				CLANG_WARN_DIRECT_OBJC_ISA_USAGE = YES_ERROR;
				CLANG_WARN_EMPTY_BODY = YES;
				CLANG_WARN_ENUM_CONVERSION = YES;
				CLANG_WARN_INT_CONVERSION = YES;
				CLANG_WARN_OBJC_ROOT_CLASS = YES_ERROR;
				CLANG_WARN__DUPLICATE_METHOD_MATCH = YES;
				"CODE_SIGN_IDENTITY[sdk=iphoneos*]" = "iPhone Developer";
				COPY_PHASE_STRIP = YES;
				ENABLE_NS_ASSERTIONS = NO;
				GCC_C_LANGUAGE_STANDARD = gnu99;
				GCC_WARN_64_TO_32_BIT_CONVERSION = YES;
				GCC_WARN_ABOUT_RETURN_TYPE = YES_ERROR;
				GCC_WARN_UNDECLARED_SELECTOR = YES;
				GCC_WARN_UNINITIALIZED_AUTOS = YES_AGGRESSIVE;
				GCC_WARN_UNUSED_FUNCTION = YES;
				GCC_WARN_UNUSED_VARIABLE = YES;
				IPHONEOS_DEPLOYMENT_TARGET = 7.1;
				SDKROOT = iphoneos;
				VALIDATE_PRODUCT = YES;
			};
			name = Release;
		};
		4DF8C2D218E1ABDE00A6E3AF /* Debug */ = {
			isa = XCBuildConfiguration;
			buildSettings = {
				ASSETCATALOG_COMPILER_APPICON_NAME = AppIcon;
				ASSETCATALOG_COMPILER_LAUNCHIMAGE_NAME = LaunchImage;
				GCC_PRECOMPILE_PREFIX_HEADER = YES;
				GCC_PREFIX_HEADER = "PlotIBeaconBroadcastExample/PlotIBeaconBroadcastExample-Prefix.pch";
				INFOPLIST_FILE = "PlotIBeaconBroadcastExample/PlotIBeaconBroadcastExample-Info.plist";
				IPHONEOS_DEPLOYMENT_TARGET = 7.0;
				PRODUCT_NAME = "$(TARGET_NAME)";
				WRAPPER_EXTENSION = app;
			};
			name = Debug;
		};
		4DF8C2D318E1ABDE00A6E3AF /* Release */ = {
			isa = XCBuildConfiguration;
			buildSettings = {
				ASSETCATALOG_COMPILER_APPICON_NAME = AppIcon;
				ASSETCATALOG_COMPILER_LAUNCHIMAGE_NAME = LaunchImage;
				GCC_PRECOMPILE_PREFIX_HEADER = YES;
				GCC_PREFIX_HEADER = "PlotIBeaconBroadcastExample/PlotIBeaconBroadcastExample-Prefix.pch";
				INFOPLIST_FILE = "PlotIBeaconBroadcastExample/PlotIBeaconBroadcastExample-Info.plist";
				IPHONEOS_DEPLOYMENT_TARGET = 7.0;
				PRODUCT_NAME = "$(TARGET_NAME)";
				WRAPPER_EXTENSION = app;
			};
			name = Release;
		};
		4DF8C2D518E1ABDE00A6E3AF /* Debug */ = {
			isa = XCBuildConfiguration;
			buildSettings = {
				BUNDLE_LOADER = "$(BUILT_PRODUCTS_DIR)/PlotIBeaconBroadcastExample.app/PlotIBeaconBroadcastExample";
				FRAMEWORK_SEARCH_PATHS = (
					"$(SDKROOT)/Developer/Library/Frameworks",
					"$(inherited)",
					"$(DEVELOPER_FRAMEWORKS_DIR)",
				);
				GCC_PRECOMPILE_PREFIX_HEADER = YES;
				GCC_PREFIX_HEADER = "PlotIBeaconBroadcastExample/PlotIBeaconBroadcastExample-Prefix.pch";
				GCC_PREPROCESSOR_DEFINITIONS = (
					"DEBUG=1",
					"$(inherited)",
				);
				INFOPLIST_FILE = "PlotIBeaconBroadcastExampleTests/PlotIBeaconBroadcastExampleTests-Info.plist";
				PRODUCT_NAME = "$(TARGET_NAME)";
				TEST_HOST = "$(BUNDLE_LOADER)";
				WRAPPER_EXTENSION = xctest;
			};
			name = Debug;
		};
		4DF8C2D618E1ABDE00A6E3AF /* Release */ = {
			isa = XCBuildConfiguration;
			buildSettings = {
				BUNDLE_LOADER = "$(BUILT_PRODUCTS_DIR)/PlotIBeaconBroadcastExample.app/PlotIBeaconBroadcastExample";
				FRAMEWORK_SEARCH_PATHS = (
					"$(SDKROOT)/Developer/Library/Frameworks",
					"$(inherited)",
					"$(DEVELOPER_FRAMEWORKS_DIR)",
				);
				GCC_PRECOMPILE_PREFIX_HEADER = YES;
				GCC_PREFIX_HEADER = "PlotIBeaconBroadcastExample/PlotIBeaconBroadcastExample-Prefix.pch";
				INFOPLIST_FILE = "PlotIBeaconBroadcastExampleTests/PlotIBeaconBroadcastExampleTests-Info.plist";
				PRODUCT_NAME = "$(TARGET_NAME)";
				TEST_HOST = "$(BUNDLE_LOADER)";
				WRAPPER_EXTENSION = xctest;
			};
			name = Release;
		};
/* End XCBuildConfiguration section */

/* Begin XCConfigurationList section */
		4DF8C29A18E1ABDD00A6E3AF /* Build configuration list for PBXProject "PlotIBeaconBroadcastExample" */ = {
			isa = XCConfigurationList;
			buildConfigurations = (
				4DF8C2CF18E1ABDE00A6E3AF /* Debug */,
				4DF8C2D018E1ABDE00A6E3AF /* Release */,
			);
			defaultConfigurationIsVisible = 0;
			defaultConfigurationName = Release;
		};
		4DF8C2D118E1ABDE00A6E3AF /* Build configuration list for PBXNativeTarget "PlotIBeaconBroadcastExample" */ = {
			isa = XCConfigurationList;
			buildConfigurations = (
				4DF8C2D218E1ABDE00A6E3AF /* Debug */,
				4DF8C2D318E1ABDE00A6E3AF /* Release */,
			);
			defaultConfigurationIsVisible = 0;
		};
		4DF8C2D418E1ABDE00A6E3AF /* Build configuration list for PBXNativeTarget "PlotIBeaconBroadcastExampleTests" */ = {
			isa = XCConfigurationList;
			buildConfigurations = (
				4DF8C2D518E1ABDE00A6E3AF /* Debug */,
				4DF8C2D618E1ABDE00A6E3AF /* Release */,
			);
			defaultConfigurationIsVisible = 0;
		};
/* End XCConfigurationList section */
	};
	rootObject = 4DF8C29718E1ABDD00A6E3AF /* Project object */;
}
